
Microsoft Visual Studio Solution File, Format Version 12.00
# Visual Studio Version 17
VisualStudioVersion = 17.13.35828.75
MinimumVisualStudioVersion = 10.0.40219.1
Project("{FAE04EC0-301F-11D3-BF4B-00C04F79EFBC}") = "ProyectoPrograIII", "ProyectoPrograIII\ProyectoPrograIII.csproj", "{65592E55-BB53-434A-9F17-E6B2D929EA2D}"
EndProject
Project("{FAE04EC0-301F-11D3-BF4B-00C04F79EFBC}") = "WebApi_Easy_Commerce", "WebApi_Easy_Commerce\WebApi_Easy_Commerce.csproj", "{EAE03E72-F166-41AD-923B-9D0BAACE710F}"
EndProject
Global
	GlobalSection(SolutionConfigurationPlatforms) = preSolution
		Debug|Any CPU = Debug|Any CPU
		Release|Any CPU = Release|Any CPU
	EndGlobalSection
	GlobalSection(ProjectConfigurationPlatforms) = postSolution
		{65592E55-BB53-434A-9F17-E6B2D929EA2D}.Debug|Any CPU.ActiveCfg = Debug|Any CPU
		{65592E55-BB53-434A-9F17-E6B2D929EA2D}.Debug|Any CPU.Build.0 = Debug|Any CPU
		{65592E55-BB53-434A-9F17-E6B2D929EA2D}.Release|Any CPU.ActiveCfg = Release|Any CPU
		{65592E55-BB53-434A-9F17-E6B2D929EA2D}.Release|Any CPU.Build.0 = Release|Any CPU
		{EAE03E72-F166-41AD-923B-9D0BAACE710F}.Debug|Any CPU.ActiveCfg = Debug|Any CPU
		{EAE03E72-F166-41AD-923B-9D0BAACE710F}.Debug|Any CPU.Build.0 = Debug|Any CPU
		{EAE03E72-F166-41AD-923B-9D0BAACE710F}.Release|Any CPU.ActiveCfg = Release|Any CPU
		{EAE03E72-F166-41AD-923B-9D0BAACE710F}.Release|Any CPU.Build.0 = Release|Any CPU
	EndGlobalSection
	GlobalSection(SolutionProperties) = preSolution
		HideSolutionNode = FALSE
	EndGlobalSection
	GlobalSection(ExtensibilityGlobals) = postSolution
		SolutionGuid = {D57B3274-BD5B-4CFA-81B6-4D2769EE6C81}
	EndGlobalSection
EndGlobal
